// !$*UTF8*$!
{
	archiveVersion = 1;
	classes = {
	};
	objectVersion = 56;
	objects = {

/* Begin PBXBuildFile section */
		06BD5B4C5605349D41982D4E /* Pods_PokeGuide.framework in Frameworks */ = {isa = PBXBuildFile; fileRef = 2CE509721C26B083F315D29A /* Pods_PokeGuide.framework */; };
		082C56542A03DD9F0048D276 /* PokemonsViewModel.swift in Sources */ = {isa = PBXBuildFile; fileRef = 082C56532A03DD9F0048D276 /* PokemonsViewModel.swift */; };
		082C56562A04192D0048D276 /* DetailsViewController.swift in Sources */ = {isa = PBXBuildFile; fileRef = 082C56552A04192D0048D276 /* DetailsViewController.swift */; };
		082C56582A043D8B0048D276 /* LoaderBarButtonItem.swift in Sources */ = {isa = PBXBuildFile; fileRef = 082C56572A043D8B0048D276 /* LoaderBarButtonItem.swift */; };
		0880841329F7FE5C0003CDA6 /* PokemonCell.swift in Sources */ = {isa = PBXBuildFile; fileRef = 0880841229F7FE5C0003CDA6 /* PokemonCell.swift */; };
		0880841529F8005D0003CDA6 /* Constants.swift in Sources */ = {isa = PBXBuildFile; fileRef = 0880841429F8005D0003CDA6 /* Constants.swift */; };
		0880842329F8047F0003CDA6 /* UIFont+CustomFonts.swift in Sources */ = {isa = PBXBuildFile; fileRef = 0880842229F8047F0003CDA6 /* UIFont+CustomFonts.swift */; };
		0880842529F829BD0003CDA6 /* ApplyableProtocol.swift in Sources */ = {isa = PBXBuildFile; fileRef = 0880842429F829BD0003CDA6 /* ApplyableProtocol.swift */; };
		0880842A29F831A50003CDA6 /* Lato-Bold.ttf in Resources */ = {isa = PBXBuildFile; fileRef = 0880842829F831A50003CDA6 /* Lato-Bold.ttf */; };
		0880842B29F831A50003CDA6 /* Lato-Regular.ttf in Resources */ = {isa = PBXBuildFile; fileRef = 0880842929F831A50003CDA6 /* Lato-Regular.ttf */; };
		0880843729F98E580003CDA6 /* PokemonAPIManager.swift in Sources */ = {isa = PBXBuildFile; fileRef = 0880843629F98E580003CDA6 /* PokemonAPIManager.swift */; };
		0880843929F98EA10003CDA6 /* PokemonAPI.swift in Sources */ = {isa = PBXBuildFile; fileRef = 0880843829F98EA10003CDA6 /* PokemonAPI.swift */; };
		08915C8E29F6A76B0040439D /* AppDelegate.swift in Sources */ = {isa = PBXBuildFile; fileRef = 08915C8D29F6A76B0040439D /* AppDelegate.swift */; };
		08915C9229F6A76B0040439D /* PokemonsViewController.swift in Sources */ = {isa = PBXBuildFile; fileRef = 08915C9129F6A76B0040439D /* PokemonsViewController.swift */; };
		08915C9729F6A76D0040439D /* Assets.xcassets in Resources */ = {isa = PBXBuildFile; fileRef = 08915C9629F6A76D0040439D /* Assets.xcassets */; };
		08915C9A29F6A76D0040439D /* LaunchScreen.storyboard in Resources */ = {isa = PBXBuildFile; fileRef = 08915C9829F6A76D0040439D /* LaunchScreen.storyboard */; };
		089A16B02A0456BF00CF9ABF /* DetailsTabStripViewController.swift in Sources */ = {isa = PBXBuildFile; fileRef = 089A16AF2A0456BF00CF9ABF /* DetailsTabStripViewController.swift */; };
		089A16B22A05257300CF9ABF /* DetailsTabStripViewModel.swift in Sources */ = {isa = PBXBuildFile; fileRef = 089A16B12A05257300CF9ABF /* DetailsTabStripViewModel.swift */; };
		089A16B42A05267C00CF9ABF /* DetailsTabViewController.swift in Sources */ = {isa = PBXBuildFile; fileRef = 089A16B32A05267C00CF9ABF /* DetailsTabViewController.swift */; };
		089A16B62A0528C400CF9ABF /* DetailsViewModel.swift in Sources */ = {isa = PBXBuildFile; fileRef = 089A16B52A0528C400CF9ABF /* DetailsViewModel.swift */; };
		089A16B82A05A9FB00CF9ABF /* DetailsTab.swift in Sources */ = {isa = PBXBuildFile; fileRef = 089A16B72A05A9FB00CF9ABF /* DetailsTab.swift */; };
		089A16BA2A05AAD700CF9ABF /* DetailsTabViewModel.swift in Sources */ = {isa = PBXBuildFile; fileRef = 089A16B92A05AAD700CF9ABF /* DetailsTabViewModel.swift */; };
		089A16BC2A05AE8600CF9ABF /* DetailsCell.swift in Sources */ = {isa = PBXBuildFile; fileRef = 089A16BB2A05AE8600CF9ABF /* DetailsCell.swift */; };
		089A16BF2A05B05D00CF9ABF /* ReuseIdentifier.swift in Sources */ = {isa = PBXBuildFile; fileRef = 089A16BE2A05B05D00CF9ABF /* ReuseIdentifier.swift */; };
		089A16C12A06761400CF9ABF /* DetailsDataSource.swift in Sources */ = {isa = PBXBuildFile; fileRef = 089A16C02A06761400CF9ABF /* DetailsDataSource.swift */; };
		089A16C32A06A64100CF9ABF /* UIImage+Scale.swift in Sources */ = {isa = PBXBuildFile; fileRef = 089A16C22A06A64100CF9ABF /* UIImage+Scale.swift */; };
		089BDFA12A0018710055E5A7 /* PokemonModels.swift in Sources */ = {isa = PBXBuildFile; fileRef = 089BDFA02A0018710055E5A7 /* PokemonModels.swift */; };
		089BDFA52A0169030055E5A7 /* UIViewController+ErrorAlert.swift in Sources */ = {isa = PBXBuildFile; fileRef = 089BDFA42A0169030055E5A7 /* UIViewController+ErrorAlert.swift */; };
		089BDFA72A016A380055E5A7 /* APIError.swift in Sources */ = {isa = PBXBuildFile; fileRef = 089BDFA62A016A380055E5A7 /* APIError.swift */; };
/* End PBXBuildFile section */

/* Begin PBXFileReference section */
		082C56532A03DD9F0048D276 /* PokemonsViewModel.swift */ = {isa = PBXFileReference; lastKnownFileType = sourcecode.swift; path = PokemonsViewModel.swift; sourceTree = "<group>"; };
		082C56552A04192D0048D276 /* DetailsViewController.swift */ = {isa = PBXFileReference; lastKnownFileType = sourcecode.swift; path = DetailsViewController.swift; sourceTree = "<group>"; };
		082C56572A043D8B0048D276 /* LoaderBarButtonItem.swift */ = {isa = PBXFileReference; lastKnownFileType = sourcecode.swift; path = LoaderBarButtonItem.swift; sourceTree = "<group>"; };
		0880841229F7FE5C0003CDA6 /* PokemonCell.swift */ = {isa = PBXFileReference; lastKnownFileType = sourcecode.swift; path = PokemonCell.swift; sourceTree = "<group>"; };
		0880841429F8005D0003CDA6 /* Constants.swift */ = {isa = PBXFileReference; lastKnownFileType = sourcecode.swift; path = Constants.swift; sourceTree = "<group>"; };
		0880842229F8047F0003CDA6 /* UIFont+CustomFonts.swift */ = {isa = PBXFileReference; lastKnownFileType = sourcecode.swift; path = "UIFont+CustomFonts.swift"; sourceTree = "<group>"; };
		0880842429F829BD0003CDA6 /* ApplyableProtocol.swift */ = {isa = PBXFileReference; lastKnownFileType = sourcecode.swift; path = ApplyableProtocol.swift; sourceTree = "<group>"; };
		0880842829F831A50003CDA6 /* Lato-Bold.ttf */ = {isa = PBXFileReference; lastKnownFileType = file; path = "Lato-Bold.ttf"; sourceTree = "<group>"; };
		0880842929F831A50003CDA6 /* Lato-Regular.ttf */ = {isa = PBXFileReference; lastKnownFileType = file; path = "Lato-Regular.ttf"; sourceTree = "<group>"; };
		0880843629F98E580003CDA6 /* PokemonAPIManager.swift */ = {isa = PBXFileReference; lastKnownFileType = sourcecode.swift; path = PokemonAPIManager.swift; sourceTree = "<group>"; };
		0880843829F98EA10003CDA6 /* PokemonAPI.swift */ = {isa = PBXFileReference; lastKnownFileType = sourcecode.swift; path = PokemonAPI.swift; sourceTree = "<group>"; };
		08915C8A29F6A76B0040439D /* PokeGuide.app */ = {isa = PBXFileReference; explicitFileType = wrapper.application; includeInIndex = 0; path = PokeGuide.app; sourceTree = BUILT_PRODUCTS_DIR; };
		08915C8D29F6A76B0040439D /* AppDelegate.swift */ = {isa = PBXFileReference; lastKnownFileType = sourcecode.swift; path = AppDelegate.swift; sourceTree = "<group>"; };
		08915C9129F6A76B0040439D /* PokemonsViewController.swift */ = {isa = PBXFileReference; lastKnownFileType = sourcecode.swift; path = PokemonsViewController.swift; sourceTree = "<group>"; };
		08915C9629F6A76D0040439D /* Assets.xcassets */ = {isa = PBXFileReference; lastKnownFileType = folder.assetcatalog; path = Assets.xcassets; sourceTree = "<group>"; };
		08915C9929F6A76D0040439D /* Base */ = {isa = PBXFileReference; lastKnownFileType = file.storyboard; name = Base; path = Base.lproj/LaunchScreen.storyboard; sourceTree = "<group>"; };
		08915C9B29F6A76D0040439D /* Info.plist */ = {isa = PBXFileReference; lastKnownFileType = text.plist.xml; path = Info.plist; sourceTree = "<group>"; };
		089A16AF2A0456BF00CF9ABF /* DetailsTabStripViewController.swift */ = {isa = PBXFileReference; lastKnownFileType = sourcecode.swift; path = DetailsTabStripViewController.swift; sourceTree = "<group>"; };
		089A16B12A05257300CF9ABF /* DetailsTabStripViewModel.swift */ = {isa = PBXFileReference; lastKnownFileType = sourcecode.swift; path = DetailsTabStripViewModel.swift; sourceTree = "<group>"; };
		089A16B32A05267C00CF9ABF /* DetailsTabViewController.swift */ = {isa = PBXFileReference; lastKnownFileType = sourcecode.swift; path = DetailsTabViewController.swift; sourceTree = "<group>"; };
		089A16B52A0528C400CF9ABF /* DetailsViewModel.swift */ = {isa = PBXFileReference; lastKnownFileType = sourcecode.swift; path = DetailsViewModel.swift; sourceTree = "<group>"; };
		089A16B72A05A9FB00CF9ABF /* DetailsTab.swift */ = {isa = PBXFileReference; lastKnownFileType = sourcecode.swift; path = DetailsTab.swift; sourceTree = "<group>"; };
		089A16B92A05AAD700CF9ABF /* DetailsTabViewModel.swift */ = {isa = PBXFileReference; lastKnownFileType = sourcecode.swift; path = DetailsTabViewModel.swift; sourceTree = "<group>"; };
		089A16BB2A05AE8600CF9ABF /* DetailsCell.swift */ = {isa = PBXFileReference; lastKnownFileType = sourcecode.swift; path = DetailsCell.swift; sourceTree = "<group>"; };
		089A16BE2A05B05D00CF9ABF /* ReuseIdentifier.swift */ = {isa = PBXFileReference; lastKnownFileType = sourcecode.swift; path = ReuseIdentifier.swift; sourceTree = "<group>"; };
		089A16C02A06761400CF9ABF /* DetailsDataSource.swift */ = {isa = PBXFileReference; lastKnownFileType = sourcecode.swift; path = DetailsDataSource.swift; sourceTree = "<group>"; };
		089A16C22A06A64100CF9ABF /* UIImage+Scale.swift */ = {isa = PBXFileReference; lastKnownFileType = sourcecode.swift; path = "UIImage+Scale.swift"; sourceTree = "<group>"; };
		089BDFA02A0018710055E5A7 /* PokemonModels.swift */ = {isa = PBXFileReference; lastKnownFileType = sourcecode.swift; path = PokemonModels.swift; sourceTree = "<group>"; };
		089BDFA42A0169030055E5A7 /* UIViewController+ErrorAlert.swift */ = {isa = PBXFileReference; lastKnownFileType = sourcecode.swift; path = "UIViewController+ErrorAlert.swift"; sourceTree = "<group>"; };
		089BDFA62A016A380055E5A7 /* APIError.swift */ = {isa = PBXFileReference; lastKnownFileType = sourcecode.swift; path = APIError.swift; sourceTree = "<group>"; };
		18EE635CB2B96A3FB3773AC0 /* Pods-PokeGuide.release.xcconfig */ = {isa = PBXFileReference; includeInIndex = 1; lastKnownFileType = text.xcconfig; name = "Pods-PokeGuide.release.xcconfig"; path = "Target Support Files/Pods-PokeGuide/Pods-PokeGuide.release.xcconfig"; sourceTree = "<group>"; };
		2CE509721C26B083F315D29A /* Pods_PokeGuide.framework */ = {isa = PBXFileReference; explicitFileType = wrapper.framework; includeInIndex = 0; path = Pods_PokeGuide.framework; sourceTree = BUILT_PRODUCTS_DIR; };
		4CD5781CBED6389051A692D3 /* Pods-PokeGuide.debug.xcconfig */ = {isa = PBXFileReference; includeInIndex = 1; lastKnownFileType = text.xcconfig; name = "Pods-PokeGuide.debug.xcconfig"; path = "Target Support Files/Pods-PokeGuide/Pods-PokeGuide.debug.xcconfig"; sourceTree = "<group>"; };
/* End PBXFileReference section */

/* Begin PBXFrameworksBuildPhase section */
		08915C8729F6A76B0040439D /* Frameworks */ = {
			isa = PBXFrameworksBuildPhase;
			buildActionMask = 2147483647;
			files = (
				06BD5B4C5605349D41982D4E /* Pods_PokeGuide.framework in Frameworks */,
			);
			runOnlyForDeploymentPostprocessing = 0;
		};
/* End PBXFrameworksBuildPhase section */

/* Begin PBXGroup section */
		0880841929F802410003CDA6 /* SupportingFiles */ = {
			isa = PBXGroup;
			children = (
				08915C9829F6A76D0040439D /* LaunchScreen.storyboard */,
				08915C9B29F6A76D0040439D /* Info.plist */,
			);
			name = SupportingFiles;
			sourceTree = "<group>";
		};
		0880841A29F802540003CDA6 /* Resources */ = {
			isa = PBXGroup;
			children = (
				08915C9629F6A76D0040439D /* Assets.xcassets */,
				0880842729F830980003CDA6 /* Fonts */,
			);
			name = Resources;
			sourceTree = "<group>";
		};
		0880842129F804700003CDA6 /* Extensions */ = {
			isa = PBXGroup;
			children = (
				0880842229F8047F0003CDA6 /* UIFont+CustomFonts.swift */,
				089BDFA42A0169030055E5A7 /* UIViewController+ErrorAlert.swift */,
				089A16C22A06A64100CF9ABF /* UIImage+Scale.swift */,
			);
			path = Extensions;
			sourceTree = "<group>";
		};
		0880842729F830980003CDA6 /* Fonts */ = {
			isa = PBXGroup;
			children = (
				0880842829F831A50003CDA6 /* Lato-Bold.ttf */,
				0880842929F831A50003CDA6 /* Lato-Regular.ttf */,
			);
			path = Fonts;
			sourceTree = "<group>";
		};
		0880842E29F9865D0003CDA6 /* Models */ = {
			isa = PBXGroup;
			children = (
				089BDFA02A0018710055E5A7 /* PokemonModels.swift */,
				089A16C02A06761400CF9ABF /* DetailsDataSource.swift */,
			);
			path = Models;
			sourceTree = "<group>";
		};
		0880843129F987680003CDA6 /* Views */ = {
			isa = PBXGroup;
			children = (
				0880841229F7FE5C0003CDA6 /* PokemonCell.swift */,
				089A16BB2A05AE8600CF9ABF /* DetailsCell.swift */,
				082C56572A043D8B0048D276 /* LoaderBarButtonItem.swift */,
			);
			path = Views;
			sourceTree = "<group>";
		};
		0880843229F987770003CDA6 /* ViewModels */ = {
			isa = PBXGroup;
			children = (
				082C56532A03DD9F0048D276 /* PokemonsViewModel.swift */,
				089A16B52A0528C400CF9ABF /* DetailsViewModel.swift */,
				089A16B72A05A9FB00CF9ABF /* DetailsTab.swift */,
				089A16B12A05257300CF9ABF /* DetailsTabStripViewModel.swift */,
				089A16B92A05AAD700CF9ABF /* DetailsTabViewModel.swift */,
			);
			path = ViewModels;
			sourceTree = "<group>";
		};
		0880843329F987C90003CDA6 /* ViewControllers */ = {
			isa = PBXGroup;
			children = (
				08915C9129F6A76B0040439D /* PokemonsViewController.swift */,
				082C56552A04192D0048D276 /* DetailsViewController.swift */,
				089A16AF2A0456BF00CF9ABF /* DetailsTabStripViewController.swift */,
				089A16B32A05267C00CF9ABF /* DetailsTabViewController.swift */,
			);
			path = ViewControllers;
			sourceTree = "<group>";
		};
		0880843429F987E00003CDA6 /* Services */ = {
			isa = PBXGroup;
			children = (
				0880843629F98E580003CDA6 /* PokemonAPIManager.swift */,
				0880843829F98EA10003CDA6 /* PokemonAPI.swift */,
				089BDFA62A016A380055E5A7 /* APIError.swift */,
			);
			path = Services;
			sourceTree = "<group>";
		};
		0880843529F988030003CDA6 /* Utilities */ = {
			isa = PBXGroup;
			children = (
				0880841429F8005D0003CDA6 /* Constants.swift */,
			);
			path = Utilities;
			sourceTree = "<group>";
		};
		08915C8129F6A76B0040439D = {
			isa = PBXGroup;
			children = (
				08915C8C29F6A76B0040439D /* PokeGuide */,
				08915C8B29F6A76B0040439D /* Products */,
				3EA787EE8CDDC79BFBD5582F /* Pods */,
				AC64CBC64956B1D55E7005EA /* Frameworks */,
			);
			sourceTree = "<group>";
		};
		08915C8B29F6A76B0040439D /* Products */ = {
			isa = PBXGroup;
			children = (
				08915C8A29F6A76B0040439D /* PokeGuide.app */,
			);
			name = Products;
			sourceTree = "<group>";
		};
		08915C8C29F6A76B0040439D /* PokeGuide */ = {
			isa = PBXGroup;
			children = (
				08915C8D29F6A76B0040439D /* AppDelegate.swift */,
				0880842E29F9865D0003CDA6 /* Models */,
				0880843129F987680003CDA6 /* Views */,
				0880843329F987C90003CDA6 /* ViewControllers */,
				0880843229F987770003CDA6 /* ViewModels */,
				0880843429F987E00003CDA6 /* Services */,
				089A16BD2A05B04900CF9ABF /* Protocols */,
				0880842129F804700003CDA6 /* Extensions */,
				0880843529F988030003CDA6 /* Utilities */,
				0880841A29F802540003CDA6 /* Resources */,
				0880841929F802410003CDA6 /* SupportingFiles */,
			);
			path = PokeGuide;
			sourceTree = "<group>";
		};
		089A16BD2A05B04900CF9ABF /* Protocols */ = {
			isa = PBXGroup;
			children = (
				0880842429F829BD0003CDA6 /* ApplyableProtocol.swift */,
				089A16BE2A05B05D00CF9ABF /* ReuseIdentifier.swift */,
			);
			path = Protocols;
			sourceTree = "<group>";
		};
		3EA787EE8CDDC79BFBD5582F /* Pods */ = {
			isa = PBXGroup;
			children = (
				4CD5781CBED6389051A692D3 /* Pods-PokeGuide.debug.xcconfig */,
				18EE635CB2B96A3FB3773AC0 /* Pods-PokeGuide.release.xcconfig */,
			);
			path = Pods;
			sourceTree = "<group>";
		};
		AC64CBC64956B1D55E7005EA /* Frameworks */ = {
			isa = PBXGroup;
			children = (
				2CE509721C26B083F315D29A /* Pods_PokeGuide.framework */,
			);
			name = Frameworks;
			sourceTree = "<group>";
		};
/* End PBXGroup section */

/* Begin PBXNativeTarget section */
		08915C8929F6A76B0040439D /* PokeGuide */ = {
			isa = PBXNativeTarget;
			buildConfigurationList = 08915C9E29F6A76D0040439D /* Build configuration list for PBXNativeTarget "PokeGuide" */;
			buildPhases = (
				A6603646CB64ABB559CBA19C /* [CP] Check Pods Manifest.lock */,
				08915CA129F6B3B20040439D /* SwiftLint */,
				08915C8629F6A76B0040439D /* Sources */,
				08915C8729F6A76B0040439D /* Frameworks */,
				08915C8829F6A76B0040439D /* Resources */,
				784227A37A8C04C851701509 /* [CP] Embed Pods Frameworks */,
			);
			buildRules = (
			);
			dependencies = (
			);
			name = PokeGuide;
			productName = PokeGuide;
			productReference = 08915C8A29F6A76B0040439D /* PokeGuide.app */;
			productType = "com.apple.product-type.application";
		};
/* End PBXNativeTarget section */

/* Begin PBXProject section */
		08915C8229F6A76B0040439D /* Project object */ = {
			isa = PBXProject;
			attributes = {
				BuildIndependentTargetsInParallel = 1;
				LastSwiftUpdateCheck = 1430;
				LastUpgradeCheck = 1430;
				TargetAttributes = {
					08915C8929F6A76B0040439D = {
						CreatedOnToolsVersion = 14.3;
					};
				};
			};
			buildConfigurationList = 08915C8529F6A76B0040439D /* Build configuration list for PBXProject "PokeGuide" */;
			compatibilityVersion = "Xcode 14.0";
			developmentRegion = en;
			hasScannedForEncodings = 0;
			knownRegions = (
				en,
				Base,
			);
			mainGroup = 08915C8129F6A76B0040439D;
			productRefGroup = 08915C8B29F6A76B0040439D /* Products */;
			projectDirPath = "";
			projectRoot = "";
			targets = (
				08915C8929F6A76B0040439D /* PokeGuide */,
			);
		};
/* End PBXProject section */

/* Begin PBXResourcesBuildPhase section */
		08915C8829F6A76B0040439D /* Resources */ = {
			isa = PBXResourcesBuildPhase;
			buildActionMask = 2147483647;
			files = (
				08915C9A29F6A76D0040439D /* LaunchScreen.storyboard in Resources */,
				0880842A29F831A50003CDA6 /* Lato-Bold.ttf in Resources */,
				08915C9729F6A76D0040439D /* Assets.xcassets in Resources */,
				0880842B29F831A50003CDA6 /* Lato-Regular.ttf in Resources */,
			);
			runOnlyForDeploymentPostprocessing = 0;
		};
/* End PBXResourcesBuildPhase section */

/* Begin PBXShellScriptBuildPhase section */
		08915CA129F6B3B20040439D /* SwiftLint */ = {
			isa = PBXShellScriptBuildPhase;
			alwaysOutOfDate = 1;
			buildActionMask = 2147483647;
			files = (
			);
			inputFileListPaths = (
			);
			inputPaths = (
			);
			name = SwiftLint;
			outputFileListPaths = (
			);
			outputPaths = (
			);
			runOnlyForDeploymentPostprocessing = 0;
			shellPath = /bin/sh;
			shellScript = "export PATH=\"$PATH:/opt/homebrew/bin\"\n\nif which swiftlint >/dev/null; then\n  swiftlint\nelse\n  echo \"warning: SwiftLint not installed, download from https://github.com/realm/SwiftLint\"\nfi\n";
		};
		784227A37A8C04C851701509 /* [CP] Embed Pods Frameworks */ = {
			isa = PBXShellScriptBuildPhase;
			buildActionMask = 2147483647;
			files = (
			);
			inputFileListPaths = (
				"${PODS_ROOT}/Target Support Files/Pods-PokeGuide/Pods-PokeGuide-frameworks-${CONFIGURATION}-input-files.xcfilelist",
			);
			name = "[CP] Embed Pods Frameworks";
			outputFileListPaths = (
				"${PODS_ROOT}/Target Support Files/Pods-PokeGuide/Pods-PokeGuide-frameworks-${CONFIGURATION}-output-files.xcfilelist",
			);
			runOnlyForDeploymentPostprocessing = 0;
			shellPath = /bin/sh;
			shellScript = "\"${PODS_ROOT}/Target Support Files/Pods-PokeGuide/Pods-PokeGuide-frameworks.sh\"\n";
			showEnvVarsInLog = 0;
		};
		A6603646CB64ABB559CBA19C /* [CP] Check Pods Manifest.lock */ = {
			isa = PBXShellScriptBuildPhase;
			buildActionMask = 2147483647;
			files = (
			);
			inputFileListPaths = (
			);
			inputPaths = (
				"${PODS_PODFILE_DIR_PATH}/Podfile.lock",
				"${PODS_ROOT}/Manifest.lock",
			);
			name = "[CP] Check Pods Manifest.lock";
			outputFileListPaths = (
			);
			outputPaths = (
				"$(DERIVED_FILE_DIR)/Pods-PokeGuide-checkManifestLockResult.txt",
			);
			runOnlyForDeploymentPostprocessing = 0;
			shellPath = /bin/sh;
			shellScript = "diff \"${PODS_PODFILE_DIR_PATH}/Podfile.lock\" \"${PODS_ROOT}/Manifest.lock\" > /dev/null\nif [ $? != 0 ] ; then\n    # print error to STDERR\n    echo \"error: The sandbox is not in sync with the Podfile.lock. Run 'pod install' or update your CocoaPods installation.\" >&2\n    exit 1\nfi\n# This output is used by Xcode 'outputs' to avoid re-running this script phase.\necho \"SUCCESS\" > \"${SCRIPT_OUTPUT_FILE_0}\"\n";
			showEnvVarsInLog = 0;
		};
/* End PBXShellScriptBuildPhase section */

/* Begin PBXSourcesBuildPhase section */
		08915C8629F6A76B0040439D /* Sources */ = {
			isa = PBXSourcesBuildPhase;
			buildActionMask = 2147483647;
			files = (
				089A16BC2A05AE8600CF9ABF /* DetailsCell.swift in Sources */,
				0880842529F829BD0003CDA6 /* ApplyableProtocol.swift in Sources */,
				08915C9229F6A76B0040439D /* PokemonsViewController.swift in Sources */,
				0880842329F8047F0003CDA6 /* UIFont+CustomFonts.swift in Sources */,
				089A16B22A05257300CF9ABF /* DetailsTabStripViewModel.swift in Sources */,
				089A16BF2A05B05D00CF9ABF /* ReuseIdentifier.swift in Sources */,
				0880843729F98E580003CDA6 /* PokemonAPIManager.swift in Sources */,
				089BDFA12A0018710055E5A7 /* PokemonModels.swift in Sources */,
				089A16B42A05267C00CF9ABF /* DetailsTabViewController.swift in Sources */,
				089BDFA52A0169030055E5A7 /* UIViewController+ErrorAlert.swift in Sources */,
				089A16C32A06A64100CF9ABF /* UIImage+Scale.swift in Sources */,
				08915C8E29F6A76B0040439D /* AppDelegate.swift in Sources */,
				0880841329F7FE5C0003CDA6 /* PokemonCell.swift in Sources */,
				089A16C12A06761400CF9ABF /* DetailsDataSource.swift in Sources */,
				082C56542A03DD9F0048D276 /* PokemonsViewModel.swift in Sources */,
				089A16B02A0456BF00CF9ABF /* DetailsTabStripViewController.swift in Sources */,
				082C56582A043D8B0048D276 /* LoaderBarButtonItem.swift in Sources */,
				089A16BA2A05AAD700CF9ABF /* DetailsTabViewModel.swift in Sources */,
				0880843929F98EA10003CDA6 /* PokemonAPI.swift in Sources */,
				0880841529F8005D0003CDA6 /* Constants.swift in Sources */,
				089A16B82A05A9FB00CF9ABF /* DetailsTab.swift in Sources */,
				082C56562A04192D0048D276 /* DetailsViewController.swift in Sources */,
				089BDFA72A016A380055E5A7 /* APIError.swift in Sources */,
				089A16B62A0528C400CF9ABF /* DetailsViewModel.swift in Sources */,
			);
			runOnlyForDeploymentPostprocessing = 0;
		};
/* End PBXSourcesBuildPhase section */

/* Begin PBXVariantGroup section */
		08915C9829F6A76D0040439D /* LaunchScreen.storyboard */ = {
			isa = PBXVariantGroup;
			children = (
				08915C9929F6A76D0040439D /* Base */,
			);
			name = LaunchScreen.storyboard;
			sourceTree = "<group>";
		};
/* End PBXVariantGroup section */

/* Begin XCBuildConfiguration section */
		08915C9C29F6A76D0040439D /* Debug */ = {
			isa = XCBuildConfiguration;
			buildSettings = {
				ALWAYS_SEARCH_USER_PATHS = NO;
				CLANG_ANALYZER_NONNULL = YES;
				CLANG_ANALYZER_NUMBER_OBJECT_CONVERSION = YES_AGGRESSIVE;
				CLANG_CXX_LANGUAGE_STANDARD = "gnu++20";
				CLANG_ENABLE_MODULES = YES;
				CLANG_ENABLE_OBJC_ARC = YES;
				CLANG_ENABLE_OBJC_WEAK = YES;
				CLANG_WARN_BLOCK_CAPTURE_AUTORELEASING = YES;
				CLANG_WARN_BOOL_CONVERSION = YES;
				CLANG_WARN_COMMA = YES;
				CLANG_WARN_CONSTANT_CONVERSION = YES;
				CLANG_WARN_DEPRECATED_OBJC_IMPLEMENTATIONS = YES;
				CLANG_WARN_DIRECT_OBJC_ISA_USAGE = YES_ERROR;
				CLANG_WARN_DOCUMENTATION_COMMENTS = YES;
				CLANG_WARN_EMPTY_BODY = YES;
				CLANG_WARN_ENUM_CONVERSION = YES;
				CLANG_WARN_INFINITE_RECURSION = YES;
				CLANG_WARN_INT_CONVERSION = YES;
				CLANG_WARN_NON_LITERAL_NULL_CONVERSION = YES;
				CLANG_WARN_OBJC_IMPLICIT_RETAIN_SELF = YES;
				CLANG_WARN_OBJC_LITERAL_CONVERSION = YES;
				CLANG_WARN_OBJC_ROOT_CLASS = YES_ERROR;
				CLANG_WARN_QUOTED_INCLUDE_IN_FRAMEWORK_HEADER = YES;
				CLANG_WARN_RANGE_LOOP_ANALYSIS = YES;
				CLANG_WARN_STRICT_PROTOTYPES = YES;
				CLANG_WARN_SUSPICIOUS_MOVE = YES;
				CLANG_WARN_UNGUARDED_AVAILABILITY = YES_AGGRESSIVE;
				CLANG_WARN_UNREACHABLE_CODE = YES;
				CLANG_WARN__DUPLICATE_METHOD_MATCH = YES;
				COPY_PHASE_STRIP = NO;
				DEBUG_INFORMATION_FORMAT = dwarf;
				ENABLE_STRICT_OBJC_MSGSEND = YES;
				ENABLE_TESTABILITY = YES;
				GCC_C_LANGUAGE_STANDARD = gnu11;
				GCC_DYNAMIC_NO_PIC = NO;
				GCC_NO_COMMON_BLOCKS = YES;
				GCC_OPTIMIZATION_LEVEL = 0;
				GCC_PREPROCESSOR_DEFINITIONS = (
					"DEBUG=1",
					"$(inherited)",
				);
				GCC_WARN_64_TO_32_BIT_CONVERSION = YES;
				GCC_WARN_ABOUT_RETURN_TYPE = YES_ERROR;
				GCC_WARN_UNDECLARED_SELECTOR = YES;
				GCC_WARN_UNINITIALIZED_AUTOS = YES_AGGRESSIVE;
				GCC_WARN_UNUSED_FUNCTION = YES;
				GCC_WARN_UNUSED_VARIABLE = YES;
				IPHONEOS_DEPLOYMENT_TARGET = 16.4;
				MTL_ENABLE_DEBUG_INFO = INCLUDE_SOURCE;
				MTL_FAST_MATH = YES;
				ONLY_ACTIVE_ARCH = YES;
				SDKROOT = iphoneos;
				SWIFT_ACTIVE_COMPILATION_CONDITIONS = DEBUG;
				SWIFT_OPTIMIZATION_LEVEL = "-Onone";
			};
			name = Debug;
		};
		08915C9D29F6A76D0040439D /* Release */ = {
			isa = XCBuildConfiguration;
			buildSettings = {
				ALWAYS_SEARCH_USER_PATHS = NO;
				CLANG_ANALYZER_NONNULL = YES;
				CLANG_ANALYZER_NUMBER_OBJECT_CONVERSION = YES_AGGRESSIVE;
				CLANG_CXX_LANGUAGE_STANDARD = "gnu++20";
				CLANG_ENABLE_MODULES = YES;
				CLANG_ENABLE_OBJC_ARC = YES;
				CLANG_ENABLE_OBJC_WEAK = YES;
				CLANG_WARN_BLOCK_CAPTURE_AUTORELEASING = YES;
				CLANG_WARN_BOOL_CONVERSION = YES;
				CLANG_WARN_COMMA = YES;
				CLANG_WARN_CONSTANT_CONVERSION = YES;
				CLANG_WARN_DEPRECATED_OBJC_IMPLEMENTATIONS = YES;
				CLANG_WARN_DIRECT_OBJC_ISA_USAGE = YES_ERROR;
				CLANG_WARN_DOCUMENTATION_COMMENTS = YES;
				CLANG_WARN_EMPTY_BODY = YES;
				CLANG_WARN_ENUM_CONVERSION = YES;
				CLANG_WARN_INFINITE_RECURSION = YES;
				CLANG_WARN_INT_CONVERSION = YES;
				CLANG_WARN_NON_LITERAL_NULL_CONVERSION = YES;
				CLANG_WARN_OBJC_IMPLICIT_RETAIN_SELF = YES;
				CLANG_WARN_OBJC_LITERAL_CONVERSION = YES;
				CLANG_WARN_OBJC_ROOT_CLASS = YES_ERROR;
				CLANG_WARN_QUOTED_INCLUDE_IN_FRAMEWORK_HEADER = YES;
				CLANG_WARN_RANGE_LOOP_ANALYSIS = YES;
				CLANG_WARN_STRICT_PROTOTYPES = YES;
				CLANG_WARN_SUSPICIOUS_MOVE = YES;
				CLANG_WARN_UNGUARDED_AVAILABILITY = YES_AGGRESSIVE;
				CLANG_WARN_UNREACHABLE_CODE = YES;
				CLANG_WARN__DUPLICATE_METHOD_MATCH = YES;
				COPY_PHASE_STRIP = NO;
				DEBUG_INFORMATION_FORMAT = "dwarf-with-dsym";
				ENABLE_NS_ASSERTIONS = NO;
				ENABLE_STRICT_OBJC_MSGSEND = YES;
				GCC_C_LANGUAGE_STANDARD = gnu11;
				GCC_NO_COMMON_BLOCKS = YES;
				GCC_WARN_64_TO_32_BIT_CONVERSION = YES;
				GCC_WARN_ABOUT_RETURN_TYPE = YES_ERROR;
				GCC_WARN_UNDECLARED_SELECTOR = YES;
				GCC_WARN_UNINITIALIZED_AUTOS = YES_AGGRESSIVE;
				GCC_WARN_UNUSED_FUNCTION = YES;
				GCC_WARN_UNUSED_VARIABLE = YES;
				IPHONEOS_DEPLOYMENT_TARGET = 16.4;
				MTL_ENABLE_DEBUG_INFO = NO;
				MTL_FAST_MATH = YES;
				SDKROOT = iphoneos;
				SWIFT_COMPILATION_MODE = wholemodule;
				SWIFT_OPTIMIZATION_LEVEL = "-O";
				VALIDATE_PRODUCT = YES;
			};
			name = Release;
		};
		08915C9F29F6A76D0040439D /* Debug */ = {
			isa = XCBuildConfiguration;
			baseConfigurationReference = 4CD5781CBED6389051A692D3 /* Pods-PokeGuide.debug.xcconfig */;
			buildSettings = {
				ASSETCATALOG_COMPILER_APPICON_NAME = AppIcon;
				ASSETCATALOG_COMPILER_GLOBAL_ACCENT_COLOR_NAME = AccentColor;
				CODE_SIGN_STYLE = Automatic;
				CURRENT_PROJECT_VERSION = 1;
				DEVELOPMENT_TEAM = 9PF2GLF6PD;
				GENERATE_INFOPLIST_FILE = YES;
				INFOPLIST_FILE = PokeGuide/Info.plist;
				INFOPLIST_KEY_UIApplicationSupportsIndirectInputEvents = YES;
				INFOPLIST_KEY_UILaunchStoryboardName = LaunchScreen;
				INFOPLIST_KEY_UISupportedInterfaceOrientations_iPad = "UIInterfaceOrientationPortrait UIInterfaceOrientationPortraitUpsideDown UIInterfaceOrientationLandscapeLeft UIInterfaceOrientationLandscapeRight";
				INFOPLIST_KEY_UISupportedInterfaceOrientations_iPhone = "UIInterfaceOrientationPortrait UIInterfaceOrientationLandscapeLeft UIInterfaceOrientationLandscapeRight";
				IPHONEOS_DEPLOYMENT_TARGET = 12.0;
				LD_RUNPATH_SEARCH_PATHS = (
					"$(inherited)",
					"@executable_path/Frameworks",
				);
				MARKETING_VERSION = 1.0;
				OTHER_LDFLAGS = (
					"$(inherited)",
					"-l\"c++\"",
					"-l\"compression\"",
					"-l\"z\"",
					"-framework",
					"\"CoreGraphics\"",
					"-framework",
					"\"CoreMedia\"",
					"-framework",
					"\"Foundation\"",
					"-framework",
					"\"Hero\"",
					"-framework",
					"\"ImageIO\"",
					"-framework",
					"\"QuartzCore\"",
					"-framework",
					"\"Realm\"",
					"-framework",
					"\"RealmSwift\"",
					"-framework",
					"\"RxCocoa\"",
					"-framework",
					"\"RxRelay\"",
					"-framework",
					"\"RxSwift\"",
					"-framework",
					"\"SDWebImage\"",
					"-framework",
					"\"Security\"",
					"-framework",
					"\"SnapKit\"",
					"-framework",
					"\"UIKit\"",
					"-weak_framework",
					"\"SwiftUI\"",
					"-Wl,-no_compact_unwind",
				);
				PRODUCT_BUNDLE_IDENTIFIER = com.Beavean.PokeGuide;
				PRODUCT_NAME = "$(TARGET_NAME)";
				SWIFT_EMIT_LOC_STRINGS = YES;
				SWIFT_VERSION = 5.0;
				TARGETED_DEVICE_FAMILY = "1,2";
			};
			name = Debug;
		};
		08915CA029F6A76D0040439D /* Release */ = {
			isa = XCBuildConfiguration;
			baseConfigurationReference = 18EE635CB2B96A3FB3773AC0 /* Pods-PokeGuide.release.xcconfig */;
			buildSettings = {
				ASSETCATALOG_COMPILER_APPICON_NAME = AppIcon;
				ASSETCATALOG_COMPILER_GLOBAL_ACCENT_COLOR_NAME = AccentColor;
				CODE_SIGN_STYLE = Automatic;
				CURRENT_PROJECT_VERSION = 1;
				DEVELOPMENT_TEAM = 9PF2GLF6PD;
				GENERATE_INFOPLIST_FILE = YES;
				INFOPLIST_FILE = PokeGuide/Info.plist;
				INFOPLIST_KEY_UIApplicationSupportsIndirectInputEvents = YES;
				INFOPLIST_KEY_UILaunchStoryboardName = LaunchScreen;
				INFOPLIST_KEY_UISupportedInterfaceOrientations_iPad = "UIInterfaceOrientationPortrait UIInterfaceOrientationPortraitUpsideDown UIInterfaceOrientationLandscapeLeft UIInterfaceOrientationLandscapeRight";
				INFOPLIST_KEY_UISupportedInterfaceOrientations_iPhone = "UIInterfaceOrientationPortrait UIInterfaceOrientationLandscapeLeft UIInterfaceOrientationLandscapeRight";
				IPHONEOS_DEPLOYMENT_TARGET = 12.0;
				LD_RUNPATH_SEARCH_PATHS = (
					"$(inherited)",
					"@executable_path/Frameworks",
				);
				MARKETING_VERSION = 1.0;
				OTHER_LDFLAGS = (
					"$(inherited)",
					"-l\"c++\"",
					"-l\"compression\"",
					"-l\"z\"",
					"-framework",
					"\"CoreGraphics\"",
					"-framework",
					"\"CoreMedia\"",
					"-framework",
					"\"Foundation\"",
					"-framework",
					"\"Hero\"",
					"-framework",
					"\"ImageIO\"",
					"-framework",
					"\"QuartzCore\"",
					"-framework",
					"\"Realm\"",
					"-framework",
					"\"RealmSwift\"",
					"-framework",
					"\"RxCocoa\"",
					"-framework",
					"\"RxRelay\"",
					"-framework",
					"\"RxSwift\"",
					"-framework",
					"\"SDWebImage\"",
					"-framework",
					"\"Security\"",
					"-framework",
					"\"SnapKit\"",
					"-framework",
					"\"UIKit\"",
					"-weak_framework",
					"\"SwiftUI\"",
					"-Wl,-no_compact_unwind",
				);
				PRODUCT_BUNDLE_IDENTIFIER = com.Beavean.PokeGuide;
				PRODUCT_NAME = "$(TARGET_NAME)";
				SWIFT_EMIT_LOC_STRINGS = YES;
				SWIFT_VERSION = 5.0;
				TARGETED_DEVICE_FAMILY = "1,2";
			};
			name = Release;
		};
/* End XCBuildConfiguration section */

/* Begin XCConfigurationList section */
		08915C8529F6A76B0040439D /* Build configuration list for PBXProject "PokeGuide" */ = {
			isa = XCConfigurationList;
			buildConfigurations = (
				08915C9C29F6A76D0040439D /* Debug */,
				08915C9D29F6A76D0040439D /* Release */,
			);
			defaultConfigurationIsVisible = 0;
			defaultConfigurationName = Release;
		};
		08915C9E29F6A76D0040439D /* Build configuration list for PBXNativeTarget "PokeGuide" */ = {
			isa = XCConfigurationList;
			buildConfigurations = (
				08915C9F29F6A76D0040439D /* Debug */,
				08915CA029F6A76D0040439D /* Release */,
			);
			defaultConfigurationIsVisible = 0;
			defaultConfigurationName = Release;
		};
/* End XCConfigurationList section */
	};
	rootObject = 08915C8229F6A76B0040439D /* Project object */;
}
